# This file is generated by running "yarn install" inside your project.
# Manual changes might be lost - proceed with caution!

__metadata:
  version: 8
  cacheKey: 10c0

"@tsconfig/node20@npm:^20.1.4":
  version: 20.1.4
  resolution: "@tsconfig/node20@npm:20.1.4"
  checksum: 10c0/239cd6abaceaaffc758e7a9dd3748ec1acfdabd6de28a9a16a3824c21f17ad69a16184870298460345d2fb6f3663d092c21d5b764bef669a179658b4a7eac739
  languageName: node
  linkType: hard

"@tsconfig/strictest@npm:^2.0.5":
  version: 2.0.5
  resolution: "@tsconfig/strictest@npm:2.0.5"
  checksum: 10c0/cfc86da2d57f7b4b0827701b132c37a4974284e5c40649656c0e474866dfd8a69f57c6718230d8a8139967e2a95438586b8224c13ab0ff9d3a43eda771c50cc4
  languageName: node
  linkType: hard

"git-3-way-merge-tool-tutorial@workspace:.":
  version: 0.0.0-use.local
  resolution: "git-3-way-merge-tool-tutorial@workspace:."
  dependencies:
    "@tsconfig/node20": "npm:^20.1.4"
    "@tsconfig/strictest": "npm:^2.0.5"
  languageName: unknown
  linkType: soft
